
Microsoft Visual Studio Solution File, Format Version 12.00
# Visual Studio Version 17
VisualStudioVersion = 17.5.33530.505
MinimumVisualStudioVersion = 10.0.40219.1
Project("{9A19103F-16F7-4668-BE54-9A1E7A4F7556}") = "DomainLayer", "Domain\DomainLayer.csproj", "{D5F3DD15-69CA-4B6D-B6F9-17E9FF6AF383}"
EndProject
Project("{9A19103F-16F7-4668-BE54-9A1E7A4F7556}") = "Blog_InfrastructureLayer", "Blog.Infrastructure\Blog_InfrastructureLayer.csproj", "{78DFC7D4-79C0-4D99-A49E-1C32054365B7}"
EndProject
Project("{FAE04EC0-301F-11D3-BF4B-00C04F79EFBC}") = "Blog_ApplicationLayer", "Blog_ApplicationLayer\Blog_ApplicationLayer.csproj", "{DC3287DA-EC63-4EB6-B359-1EFC336E3F98}"
EndProject
Project("{FAE04EC0-301F-11D3-BF4B-00C04F79EFBC}") = "BlogPresentationLayer", "BlogPresentationLayer\BlogPresentationLayer.csproj", "{E28FD961-6353-4C5C-8CAE-B902697D02F9}"
EndProject
Global
	GlobalSection(SolutionConfigurationPlatforms) = preSolution
		Debug|Any CPU = Debug|Any CPU
		Release|Any CPU = Release|Any CPU
	EndGlobalSection
	GlobalSection(ProjectConfigurationPlatforms) = postSolution
		{D5F3DD15-69CA-4B6D-B6F9-17E9FF6AF383}.Debug|Any CPU.ActiveCfg = Debug|Any CPU
		{D5F3DD15-69CA-4B6D-B6F9-17E9FF6AF383}.Debug|Any CPU.Build.0 = Debug|Any CPU
		{D5F3DD15-69CA-4B6D-B6F9-17E9FF6AF383}.Release|Any CPU.ActiveCfg = Release|Any CPU
		{D5F3DD15-69CA-4B6D-B6F9-17E9FF6AF383}.Release|Any CPU.Build.0 = Release|Any CPU
		{78DFC7D4-79C0-4D99-A49E-1C32054365B7}.Debug|Any CPU.ActiveCfg = Debug|Any CPU
		{78DFC7D4-79C0-4D99-A49E-1C32054365B7}.Debug|Any CPU.Build.0 = Debug|Any CPU
		{78DFC7D4-79C0-4D99-A49E-1C32054365B7}.Release|Any CPU.ActiveCfg = Release|Any CPU
		{78DFC7D4-79C0-4D99-A49E-1C32054365B7}.Release|Any CPU.Build.0 = Release|Any CPU
		{DC3287DA-EC63-4EB6-B359-1EFC336E3F98}.Debug|Any CPU.ActiveCfg = Debug|Any CPU
		{DC3287DA-EC63-4EB6-B359-1EFC336E3F98}.Debug|Any CPU.Build.0 = Debug|Any CPU
		{DC3287DA-EC63-4EB6-B359-1EFC336E3F98}.Release|Any CPU.ActiveCfg = Release|Any CPU
		{DC3287DA-EC63-4EB6-B359-1EFC336E3F98}.Release|Any CPU.Build.0 = Release|Any CPU
		{E28FD961-6353-4C5C-8CAE-B902697D02F9}.Debug|Any CPU.ActiveCfg = Debug|Any CPU
		{E28FD961-6353-4C5C-8CAE-B902697D02F9}.Debug|Any CPU.Build.0 = Debug|Any CPU
		{E28FD961-6353-4C5C-8CAE-B902697D02F9}.Release|Any CPU.ActiveCfg = Release|Any CPU
		{E28FD961-6353-4C5C-8CAE-B902697D02F9}.Release|Any CPU.Build.0 = Release|Any CPU
	EndGlobalSection
	GlobalSection(SolutionProperties) = preSolution
		HideSolutionNode = FALSE
	EndGlobalSection
	GlobalSection(ExtensibilityGlobals) = postSolution
		SolutionGuid = {7D0CB7E8-E449-4892-AFC5-A825669736E6}
	EndGlobalSection
EndGlobal
